
Microsoft Visual Studio Solution File, Format Version 12.00
# Visual Studio Version 17
VisualStudioVersion = 17.0.31919.166
MinimumVisualStudioVersion = 10.0.40219.1
Project("{FAE04EC0-301F-11D3-BF4B-00C04F79EFBC}") = "CorrectifEFCore", "CorrectifEFCore\CorrectifEFCore.csproj", "{D59BB5CD-BC8A-4399-AE1C-CD8A513D5626}"
EndProject
Global
	GlobalSection(SolutionConfigurationPlatforms) = preSolution
		Debug|Any CPU = Debug|Any CPU
		Release|Any CPU = Release|Any CPU
	EndGlobalSection
	GlobalSection(ProjectConfigurationPlatforms) = postSolution
		{D59BB5CD-BC8A-4399-AE1C-CD8A513D5626}.Debug|Any CPU.ActiveCfg = Debug|Any CPU
		{D59BB5CD-BC8A-4399-AE1C-CD8A513D5626}.Debug|Any CPU.Build.0 = Debug|Any CPU
		{D59BB5CD-BC8A-4399-AE1C-CD8A513D5626}.Release|Any CPU.ActiveCfg = Release|Any CPU
		{D59BB5CD-BC8A-4399-AE1C-CD8A513D5626}.Release|Any CPU.Build.0 = Release|Any CPU
	EndGlobalSection
	GlobalSection(SolutionProperties) = preSolution
		HideSolutionNode = FALSE
	EndGlobalSection
	GlobalSection(ExtensibilityGlobals) = postSolution
		SolutionGuid = {DFB5B5EC-AE12-41A6-AF2A-1948D4F18754}
	EndGlobalSection
EndGlobal
